// !$*UTF8*$!
{
	archiveVersion = 1;
	classes = {
	};
	objectVersion = 51;
	objects = {

/* Begin PBXBuildFile section */
		4B0158E629103C0D009F1803 /* DarkModeDiscoveryTests.swift in Sources */ = {isa = PBXBuildFile; fileRef = 4B0158E529103C0D009F1803 /* DarkModeDiscoveryTests.swift */; };
		4B0158ED29103C21009F1803 /* TestingAppDelegate.swift in Sources */ = {isa = PBXBuildFile; fileRef = E00F83AD288A6F99000D0A01 /* TestingAppDelegate.swift */; };
		4B1E59EA28FBBC90006146E8 /* .swiftlint.yml in Resources */ = {isa = PBXBuildFile; fileRef = 4B1E59E928FBBC90006146E8 /* .swiftlint.yml */; };
		4B26073D295DC238002813C6 /* PreferencesVC.swift in Sources */ = {isa = PBXBuildFile; fileRef = 4B26073C295DC238002813C6 /* PreferencesVC.swift */; };
		4B3A67E329658C0A0024077F /* CompanionListViewController.swift in Sources */ = {isa = PBXBuildFile; fileRef = 4B3A67E129658C0A0024077F /* CompanionListViewController.swift */; };
		4B3A67E72965932D0024077F /* CompanionCollectionViewItem.swift in Sources */ = {isa = PBXBuildFile; fileRef = 4B3A67E52965932D0024077F /* CompanionCollectionViewItem.swift */; };
		4B3A67E82965932D0024077F /* CompanionCollectionViewItem.xib in Resources */ = {isa = PBXBuildFile; fileRef = 4B3A67E62965932D0024077F /* CompanionCollectionViewItem.xib */; };
		4B44EDFB294661E80084C192 /* main.yml in Resources */ = {isa = PBXBuildFile; fileRef = 4B44EDFA294661E80084C192 /* main.yml */; };
		4B44EE0129466A320084C192 /* DarkModeSwitching.swift in Sources */ = {isa = PBXBuildFile; fileRef = 4B44EDFE29466A320084C192 /* DarkModeSwitching.swift */; };
		4B44EE0229466A320084C192 /* PerseusDarkModeSingle.swift in Sources */ = {isa = PBXBuildFile; fileRef = 4B44EDFF29466A320084C192 /* PerseusDarkModeSingle.swift */; };
		4B44EE0329466A320084C192 /* PerseusUISystemKitSingle.swift in Sources */ = {isa = PBXBuildFile; fileRef = 4B44EE0029466A320084C192 /* PerseusUISystemKitSingle.swift */; };
		4B6A98B6295C83E100965FAF /* Preferences.storyboard in Resources */ = {isa = PBXBuildFile; fileRef = 4B6A98B5295C83E100965FAF /* Preferences.storyboard */; };
		4B6A98BB295CAF3400965FAF /* PreferencesWC.swift in Sources */ = {isa = PBXBuildFile; fileRef = 4B6A98B9295CAF3400965FAF /* PreferencesWC.swift */; };
		4B6F459C2965AD1200859528 /* CompanionViewController.swift in Sources */ = {isa = PBXBuildFile; fileRef = 4B6F459B2965AD1200859528 /* CompanionViewController.swift */; };
		E002B00F288E9A8D00E46356 /* README.md in Resources */ = {isa = PBXBuildFile; fileRef = E002B00E288E9A8D00E46356 /* README.md */; };
		E002B011288E9A9200E46356 /* LICENSE in Resources */ = {isa = PBXBuildFile; fileRef = E002B010288E9A9200E46356 /* LICENSE */; };
		E002B013288E9AAD00E46356 /* .gitignore in Resources */ = {isa = PBXBuildFile; fileRef = E002B012288E9AAD00E46356 /* .gitignore */; };
		E00F8383288A4A04000D0A01 /* ViewController.swift in Sources */ = {isa = PBXBuildFile; fileRef = E00F8382288A4A04000D0A01 /* ViewController.swift */; };
		E00F8385288A4A0B000D0A01 /* Assets.xcassets in Resources */ = {isa = PBXBuildFile; fileRef = E00F8384288A4A0B000D0A01 /* Assets.xcassets */; };
		E00F83AC288A4A64000D0A01 /* main.swift in Sources */ = {isa = PBXBuildFile; fileRef = E00F83AB288A4A64000D0A01 /* main.swift */; };
		E01D2D3A289A76A6009B932F /* Companion.swift in Sources */ = {isa = PBXBuildFile; fileRef = E01D2D39289A76A6009B932F /* Companion.swift */; };
		E06FED13289A86ED00538B55 /* Race.swift in Sources */ = {isa = PBXBuildFile; fileRef = E06FED12289A86ED00538B55 /* Race.swift */; };
		E06FED15289A87ED00538B55 /* companions.json in Resources */ = {isa = PBXBuildFile; fileRef = E06FED14289A87ED00538B55 /* companions.json */; };
		E0A2934C288E520000F467E8 /* MainWindowController.swift in Sources */ = {isa = PBXBuildFile; fileRef = E0A2934B288E520000F467E8 /* MainWindowController.swift */; };
		E0A2934E288E529600F467E8 /* MainWindow.swift in Sources */ = {isa = PBXBuildFile; fileRef = E0A2934D288E529600F467E8 /* MainWindow.swift */; };
		E0A29350288E653800F467E8 /* MainMenu.xib in Resources */ = {isa = PBXBuildFile; fileRef = E0A2934F288E653800F467E8 /* MainMenu.xib */; };
		E0A29352288E657900F467E8 /* MainWindowController.storyboard in Resources */ = {isa = PBXBuildFile; fileRef = E0A29351288E657900F467E8 /* MainWindowController.storyboard */; };
		E0A29354288E70B200F467E8 /* AppDelegate.swift in Sources */ = {isa = PBXBuildFile; fileRef = E0A29353288E70B200F467E8 /* AppDelegate.swift */; };
/* End PBXBuildFile section */

/* Begin PBXContainerItemProxy section */
		4B0158E829103C0D009F1803 /* PBXContainerItemProxy */ = {
			isa = PBXContainerItemProxy;
			containerPortal = E00F8375288A4A04000D0A01 /* Project object */;
			proxyType = 1;
			remoteGlobalIDString = E00F837C288A4A04000D0A01;
			remoteInfo = DarkModeDiscovery;
		};
/* End PBXContainerItemProxy section */

/* Begin PBXFileReference section */
		4B0158E329103C0D009F1803 /* DarkModeDiscoveryTests.xctest */ = {isa = PBXFileReference; explicitFileType = wrapper.cfbundle; includeInIndex = 0; path = DarkModeDiscoveryTests.xctest; sourceTree = BUILT_PRODUCTS_DIR; };
		4B0158E529103C0D009F1803 /* DarkModeDiscoveryTests.swift */ = {isa = PBXFileReference; lastKnownFileType = sourcecode.swift; path = DarkModeDiscoveryTests.swift; sourceTree = "<group>"; };
		4B0158E729103C0D009F1803 /* Info.plist */ = {isa = PBXFileReference; lastKnownFileType = text.plist.xml; path = Info.plist; sourceTree = "<group>"; };
		4B1E59E928FBBC90006146E8 /* .swiftlint.yml */ = {isa = PBXFileReference; fileEncoding = 4; lastKnownFileType = text; name = .swiftlint.yml; path = DarkModeDiscovery/.swiftlint.yml; sourceTree = "<group>"; };
		4B26073C295DC238002813C6 /* PreferencesVC.swift */ = {isa = PBXFileReference; lastKnownFileType = sourcecode.swift; path = PreferencesVC.swift; sourceTree = "<group>"; };
		4B3A67E129658C0A0024077F /* CompanionListViewController.swift */ = {isa = PBXFileReference; lastKnownFileType = sourcecode.swift; path = CompanionListViewController.swift; sourceTree = "<group>"; };
		4B3A67E52965932D0024077F /* CompanionCollectionViewItem.swift */ = {isa = PBXFileReference; lastKnownFileType = sourcecode.swift; path = CompanionCollectionViewItem.swift; sourceTree = "<group>"; };
		4B3A67E62965932D0024077F /* CompanionCollectionViewItem.xib */ = {isa = PBXFileReference; lastKnownFileType = file.xib; path = CompanionCollectionViewItem.xib; sourceTree = "<group>"; };
		4B44EDFA294661E80084C192 /* main.yml */ = {isa = PBXFileReference; fileEncoding = 4; lastKnownFileType = text; name = main.yml; path = ../.github/workflows/main.yml; sourceTree = "<group>"; };
		4B44EDFE29466A320084C192 /* DarkModeSwitching.swift */ = {isa = PBXFileReference; fileEncoding = 4; lastKnownFileType = sourcecode.swift; path = DarkModeSwitching.swift; sourceTree = "<group>"; };
		4B44EDFF29466A320084C192 /* PerseusDarkModeSingle.swift */ = {isa = PBXFileReference; fileEncoding = 4; lastKnownFileType = sourcecode.swift; path = PerseusDarkModeSingle.swift; sourceTree = "<group>"; };
		4B44EE0029466A320084C192 /* PerseusUISystemKitSingle.swift */ = {isa = PBXFileReference; fileEncoding = 4; lastKnownFileType = sourcecode.swift; path = PerseusUISystemKitSingle.swift; sourceTree = "<group>"; };
		4B55925828F7422400D38256 /* Info.plist */ = {isa = PBXFileReference; fileEncoding = 4; lastKnownFileType = text.plist.xml; path = Info.plist; sourceTree = "<group>"; };
		4B6A98B5295C83E100965FAF /* Preferences.storyboard */ = {isa = PBXFileReference; lastKnownFileType = file.storyboard; path = Preferences.storyboard; sourceTree = "<group>"; };
		4B6A98B9295CAF3400965FAF /* PreferencesWC.swift */ = {isa = PBXFileReference; lastKnownFileType = sourcecode.swift; path = PreferencesWC.swift; sourceTree = "<group>"; };
		4B6F459B2965AD1200859528 /* CompanionViewController.swift */ = {isa = PBXFileReference; lastKnownFileType = sourcecode.swift; path = CompanionViewController.swift; sourceTree = "<group>"; };
		E002B00E288E9A8D00E46356 /* README.md */ = {isa = PBXFileReference; fileEncoding = 4; lastKnownFileType = net.daringfireball.markdown; name = README.md; path = ../README.md; sourceTree = "<group>"; };
		E002B010288E9A9200E46356 /* LICENSE */ = {isa = PBXFileReference; fileEncoding = 4; lastKnownFileType = text; name = LICENSE; path = ../LICENSE; sourceTree = "<group>"; };
		E002B012288E9AAD00E46356 /* .gitignore */ = {isa = PBXFileReference; fileEncoding = 4; lastKnownFileType = text; name = .gitignore; path = ../.gitignore; sourceTree = "<group>"; };
		E00F837D288A4A04000D0A01 /* DarkModeDiscovery.app */ = {isa = PBXFileReference; explicitFileType = wrapper.application; includeInIndex = 0; path = DarkModeDiscovery.app; sourceTree = BUILT_PRODUCTS_DIR; };
		E00F8382288A4A04000D0A01 /* ViewController.swift */ = {isa = PBXFileReference; lastKnownFileType = sourcecode.swift; path = ViewController.swift; sourceTree = "<group>"; };
		E00F8384288A4A0B000D0A01 /* Assets.xcassets */ = {isa = PBXFileReference; lastKnownFileType = folder.assetcatalog; path = Assets.xcassets; sourceTree = "<group>"; };
		E00F8389288A4A0B000D0A01 /* DarkModeDiscovery.entitlements */ = {isa = PBXFileReference; lastKnownFileType = text.plist.entitlements; path = DarkModeDiscovery.entitlements; sourceTree = "<group>"; };
		E00F83AB288A4A64000D0A01 /* main.swift */ = {isa = PBXFileReference; lastKnownFileType = sourcecode.swift; path = main.swift; sourceTree = "<group>"; };
		E00F83AD288A6F99000D0A01 /* TestingAppDelegate.swift */ = {isa = PBXFileReference; lastKnownFileType = sourcecode.swift; path = TestingAppDelegate.swift; sourceTree = "<group>"; };
		E01D2D39289A76A6009B932F /* Companion.swift */ = {isa = PBXFileReference; lastKnownFileType = sourcecode.swift; path = Companion.swift; sourceTree = "<group>"; };
		E06FED12289A86ED00538B55 /* Race.swift */ = {isa = PBXFileReference; lastKnownFileType = sourcecode.swift; path = Race.swift; sourceTree = "<group>"; };
		E06FED14289A87ED00538B55 /* companions.json */ = {isa = PBXFileReference; lastKnownFileType = text.json; path = companions.json; sourceTree = "<group>"; };
		E0A2934B288E520000F467E8 /* MainWindowController.swift */ = {isa = PBXFileReference; lastKnownFileType = sourcecode.swift; path = MainWindowController.swift; sourceTree = "<group>"; };
		E0A2934D288E529600F467E8 /* MainWindow.swift */ = {isa = PBXFileReference; lastKnownFileType = sourcecode.swift; path = MainWindow.swift; sourceTree = "<group>"; };
		E0A2934F288E653800F467E8 /* MainMenu.xib */ = {isa = PBXFileReference; lastKnownFileType = file.xib; path = MainMenu.xib; sourceTree = "<group>"; };
		E0A29351288E657900F467E8 /* MainWindowController.storyboard */ = {isa = PBXFileReference; lastKnownFileType = file.storyboard; path = MainWindowController.storyboard; sourceTree = "<group>"; };
		E0A29353288E70B200F467E8 /* AppDelegate.swift */ = {isa = PBXFileReference; lastKnownFileType = sourcecode.swift; path = AppDelegate.swift; sourceTree = "<group>"; };
/* End PBXFileReference section */

/* Begin PBXFrameworksBuildPhase section */
		4B0158E029103C0D009F1803 /* Frameworks */ = {
			isa = PBXFrameworksBuildPhase;
			buildActionMask = 2147483647;
			files = (
			);
			runOnlyForDeploymentPostprocessing = 0;
		};
		E00F837A288A4A04000D0A01 /* Frameworks */ = {
			isa = PBXFrameworksBuildPhase;
			buildActionMask = 2147483647;
			files = (
			);
			runOnlyForDeploymentPostprocessing = 0;
		};
/* End PBXFrameworksBuildPhase section */

/* Begin PBXGroup section */
		4B0158E429103C0D009F1803 /* DarkModeDiscoveryTests */ = {
			isa = PBXGroup;
			children = (
				4B0158EE291045D5009F1803 /* Configuration */,
				4B0158E529103C0D009F1803 /* DarkModeDiscoveryTests.swift */,
			);
			path = DarkModeDiscoveryTests;
			sourceTree = "<group>";
		};
		4B0158EE291045D5009F1803 /* Configuration */ = {
			isa = PBXGroup;
			children = (
				4B0158E729103C0D009F1803 /* Info.plist */,
				E00F83AD288A6F99000D0A01 /* TestingAppDelegate.swift */,
			);
			path = Configuration;
			sourceTree = "<group>";
		};
		4B44EDFD29466A000084C192 /* FirstPartyCode */ = {
			isa = PBXGroup;
			children = (
				4B44EDFE29466A320084C192 /* DarkModeSwitching.swift */,
				4B44EDFF29466A320084C192 /* PerseusDarkModeSingle.swift */,
				4B44EE0029466A320084C192 /* PerseusUISystemKitSingle.swift */,
			);
			path = FirstPartyCode;
			sourceTree = "<group>";
		};
		4B6A98B4295C7EB800965FAF /* Preferences */ = {
			isa = PBXGroup;
			children = (
				4B6A98B5295C83E100965FAF /* Preferences.storyboard */,
				4B6A98B9295CAF3400965FAF /* PreferencesWC.swift */,
				4B26073C295DC238002813C6 /* PreferencesVC.swift */,
			);
			path = Preferences;
			sourceTree = "<group>";
		};
		4BD028FE295EF05800E294E9 /* Main */ = {
			isa = PBXGroup;
			children = (
				E0A2934B288E520000F467E8 /* MainWindowController.swift */,
				E0A2934D288E529600F467E8 /* MainWindow.swift */,
				E00F8382288A4A04000D0A01 /* ViewController.swift */,
				E0A2934F288E653800F467E8 /* MainMenu.xib */,
				E0A29351288E657900F467E8 /* MainWindowController.storyboard */,
				4B3A67E129658C0A0024077F /* CompanionListViewController.swift */,
				4B3A67E52965932D0024077F /* CompanionCollectionViewItem.swift */,
				4B3A67E62965932D0024077F /* CompanionCollectionViewItem.xib */,
				4B6F459B2965AD1200859528 /* CompanionViewController.swift */,
			);
			path = Main;
			sourceTree = "<group>";
		};
		E00F8374288A4A04000D0A01 = {
			isa = PBXGroup;
			children = (
				4B44EDFA294661E80084C192 /* main.yml */,
				E002B010288E9A9200E46356 /* LICENSE */,
				E002B00E288E9A8D00E46356 /* README.md */,
				E002B012288E9AAD00E46356 /* .gitignore */,
				4B1E59E928FBBC90006146E8 /* .swiftlint.yml */,
				E00F837F288A4A04000D0A01 /* DarkModeDiscovery */,
				4B0158E429103C0D009F1803 /* DarkModeDiscoveryTests */,
				E00F837E288A4A04000D0A01 /* Products */,
			);
			sourceTree = "<group>";
		};
		E00F837E288A4A04000D0A01 /* Products */ = {
			isa = PBXGroup;
			children = (
				E00F837D288A4A04000D0A01 /* DarkModeDiscovery.app */,
				4B0158E329103C0D009F1803 /* DarkModeDiscoveryTests.xctest */,
			);
			name = Products;
			sourceTree = "<group>";
		};
		E00F837F288A4A04000D0A01 /* DarkModeDiscovery */ = {
			isa = PBXGroup;
			children = (
				E00F83AB288A4A64000D0A01 /* main.swift */,
				E0A29349288DB9F800F467E8 /* Configuration */,
				E0A2934A288E517800F467E8 /* DemoContent */,
			);
			path = DarkModeDiscovery;
			sourceTree = "<group>";
		};
		E0A29349288DB9F800F467E8 /* Configuration */ = {
			isa = PBXGroup;
			children = (
				4B44EDFD29466A000084C192 /* FirstPartyCode */,
				4B55925828F7422400D38256 /* Info.plist */,
				E00F8389288A4A0B000D0A01 /* DarkModeDiscovery.entitlements */,
				E00F8384288A4A0B000D0A01 /* Assets.xcassets */,
				E0A29353288E70B200F467E8 /* AppDelegate.swift */,
			);
			path = Configuration;
			sourceTree = "<group>";
		};
		E0A2934A288E517800F467E8 /* DemoContent */ = {
			isa = PBXGroup;
			children = (
				4BD028FE295EF05800E294E9 /* Main */,
				4B6A98B4295C7EB800965FAF /* Preferences */,
				E0A9D8B32895996100B78B21 /* Model */,
			);
			path = DemoContent;
			sourceTree = "<group>";
		};
		E0A9D8B32895996100B78B21 /* Model */ = {
			isa = PBXGroup;
			children = (
				E01D2D39289A76A6009B932F /* Companion.swift */,
				E06FED12289A86ED00538B55 /* Race.swift */,
				E06FED14289A87ED00538B55 /* companions.json */,
			);
			path = Model;
			sourceTree = "<group>";
		};
/* End PBXGroup section */

/* Begin PBXNativeTarget section */
		4B0158E229103C0D009F1803 /* DarkModeDiscoveryTests */ = {
			isa = PBXNativeTarget;
			buildConfigurationList = 4B0158EA29103C0D009F1803 /* Build configuration list for PBXNativeTarget "DarkModeDiscoveryTests" */;
			buildPhases = (
				4B0158DF29103C0D009F1803 /* Sources */,
				4B0158E029103C0D009F1803 /* Frameworks */,
				4B0158E129103C0D009F1803 /* Resources */,
			);
			buildRules = (
			);
			dependencies = (
				4B0158E929103C0D009F1803 /* PBXTargetDependency */,
			);
			name = DarkModeDiscoveryTests;
			productName = DarkModeDiscoveryTests;
			productReference = 4B0158E329103C0D009F1803 /* DarkModeDiscoveryTests.xctest */;
			productType = "com.apple.product-type.bundle.unit-test";
		};
		E00F837C288A4A04000D0A01 /* DarkModeDiscovery */ = {
			isa = PBXNativeTarget;
			buildConfigurationList = E00F83A2288A4A0C000D0A01 /* Build configuration list for PBXNativeTarget "DarkModeDiscovery" */;
			buildPhases = (
				E00F8379288A4A04000D0A01 /* Sources */,
				E00F837A288A4A04000D0A01 /* Frameworks */,
				E00F837B288A4A04000D0A01 /* Resources */,
				4B2E7F6828FB3850003F9B6B /* ShellScript */,
			);
			buildRules = (
			);
			dependencies = (
			);
			name = DarkModeDiscovery;
			productName = DarkModeDiscovery;
			productReference = E00F837D288A4A04000D0A01 /* DarkModeDiscovery.app */;
			productType = "com.apple.product-type.application";
		};
/* End PBXNativeTarget section */

/* Begin PBXProject section */
		E00F8375288A4A04000D0A01 /* Project object */ = {
			isa = PBXProject;
			attributes = {
				LastSwiftUpdateCheck = 1010;
				LastUpgradeCheck = 1400;
				ORGANIZATIONNAME = PerseusRealDeal;
				TargetAttributes = {
					4B0158E229103C0D009F1803 = {
						CreatedOnToolsVersion = 10.1;
						TestTargetID = E00F837C288A4A04000D0A01;
					};
					E00F837C288A4A04000D0A01 = {
						CreatedOnToolsVersion = 14.0;
						LastSwiftMigration = 1340;
					};
				};
			};
			buildConfigurationList = E00F8378288A4A04000D0A01 /* Build configuration list for PBXProject "DarkModeDiscovery" */;
			compatibilityVersion = "Xcode 10.0";
			developmentRegion = en;
			hasScannedForEncodings = 0;
			knownRegions = (
				en,
				Base,
			);
			mainGroup = E00F8374288A4A04000D0A01;
			productRefGroup = E00F837E288A4A04000D0A01 /* Products */;
			projectDirPath = "";
			projectRoot = "";
			targets = (
				E00F837C288A4A04000D0A01 /* DarkModeDiscovery */,
				4B0158E229103C0D009F1803 /* DarkModeDiscoveryTests */,
			);
		};
/* End PBXProject section */

/* Begin PBXResourcesBuildPhase section */
		4B0158E129103C0D009F1803 /* Resources */ = {
			isa = PBXResourcesBuildPhase;
			buildActionMask = 2147483647;
			files = (
			);
			runOnlyForDeploymentPostprocessing = 0;
		};
		E00F837B288A4A04000D0A01 /* Resources */ = {
			isa = PBXResourcesBuildPhase;
			buildActionMask = 2147483647;
			files = (
				4B1E59EA28FBBC90006146E8 /* .swiftlint.yml in Resources */,
				E002B011288E9A9200E46356 /* LICENSE in Resources */,
				4B3A67E82965932D0024077F /* CompanionCollectionViewItem.xib in Resources */,
				E002B013288E9AAD00E46356 /* .gitignore in Resources */,
				4B6A98B6295C83E100965FAF /* Preferences.storyboard in Resources */,
				E00F8385288A4A0B000D0A01 /* Assets.xcassets in Resources */,
				E002B00F288E9A8D00E46356 /* README.md in Resources */,
				E0A29350288E653800F467E8 /* MainMenu.xib in Resources */,
				E0A29352288E657900F467E8 /* MainWindowController.storyboard in Resources */,
				4B44EDFB294661E80084C192 /* main.yml in Resources */,
				E06FED15289A87ED00538B55 /* companions.json in Resources */,
			);
			runOnlyForDeploymentPostprocessing = 0;
		};
/* End PBXResourcesBuildPhase section */

/* Begin PBXShellScriptBuildPhase section */
		4B2E7F6828FB3850003F9B6B /* ShellScript */ = {
			isa = PBXShellScriptBuildPhase;
			buildActionMask = 2147483647;
			files = (
			);
			inputFileListPaths = (
			);
			inputPaths = (
			);
			outputFileListPaths = (
			);
			outputPaths = (
			);
			runOnlyForDeploymentPostprocessing = 0;
			shellPath = /bin/sh;
			shellScript = "if [ \"${CONFIGURATION}\" = \"Debug\" ]; then\nif which swiftlint >/dev/null; then\nswiftlint --config \"$SRCROOT/DarkModeDiscovery/.swiftlint.yml\"\nelse\necho \"warning: SwiftLint not installed, download from https://github.com/realm/SwiftLint\"\nexit 1\nfi\nfi\n";
		};
/* End PBXShellScriptBuildPhase section */

/* Begin PBXSourcesBuildPhase section */
		4B0158DF29103C0D009F1803 /* Sources */ = {
			isa = PBXSourcesBuildPhase;
			buildActionMask = 2147483647;
			files = (
				4B0158E629103C0D009F1803 /* DarkModeDiscoveryTests.swift in Sources */,
				4B0158ED29103C21009F1803 /* TestingAppDelegate.swift in Sources */,
			);
			runOnlyForDeploymentPostprocessing = 0;
		};
		E00F8379288A4A04000D0A01 /* Sources */ = {
			isa = PBXSourcesBuildPhase;
			buildActionMask = 2147483647;
			files = (
				E0A2934E288E529600F467E8 /* MainWindow.swift in Sources */,
				4B44EE0129466A320084C192 /* DarkModeSwitching.swift in Sources */,
				4B44EE0229466A320084C192 /* PerseusDarkModeSingle.swift in Sources */,
				E06FED13289A86ED00538B55 /* Race.swift in Sources */,
				E01D2D3A289A76A6009B932F /* Companion.swift in Sources */,
				4B44EE0329466A320084C192 /* PerseusUISystemKitSingle.swift in Sources */,
				4B6A98BB295CAF3400965FAF /* PreferencesWC.swift in Sources */,
				E00F8383288A4A04000D0A01 /* ViewController.swift in Sources */,
				4B3A67E72965932D0024077F /* CompanionCollectionViewItem.swift in Sources */,
				E00F83AC288A4A64000D0A01 /* main.swift in Sources */,
				4B26073D295DC238002813C6 /* PreferencesVC.swift in Sources */,
				4B6F459C2965AD1200859528 /* CompanionViewController.swift in Sources */,
				E0A29354288E70B200F467E8 /* AppDelegate.swift in Sources */,
				E0A2934C288E520000F467E8 /* MainWindowController.swift in Sources */,
				4B3A67E329658C0A0024077F /* CompanionListViewController.swift in Sources */,
			);
			runOnlyForDeploymentPostprocessing = 0;
		};
/* End PBXSourcesBuildPhase section */

/* Begin PBXTargetDependency section */
		4B0158E929103C0D009F1803 /* PBXTargetDependency */ = {
			isa = PBXTargetDependency;
			target = E00F837C288A4A04000D0A01 /* DarkModeDiscovery */;
			targetProxy = 4B0158E829103C0D009F1803 /* PBXContainerItemProxy */;
		};
/* End PBXTargetDependency section */

/* Begin XCBuildConfiguration section */
		4B0158EB29103C0D009F1803 /* Debug */ = {
			isa = XCBuildConfiguration;
			buildSettings = {
				BUNDLE_LOADER = "$(TEST_HOST)";
				CLANG_CXX_LANGUAGE_STANDARD = "gnu++14";
				CLANG_CXX_LIBRARY = "libc++";
				CODE_SIGN_IDENTITY = "-";
				CODE_SIGN_STYLE = Automatic;
				COMBINE_HIDPI_IMAGES = YES;
				DEVELOPMENT_TEAM = 6DRVN4F88C;
				INFOPLIST_FILE = DarkModeDiscoveryTests/Configuration/Info.plist;
				LD_RUNPATH_SEARCH_PATHS = (
					"$(inherited)",
					"@executable_path/../Frameworks",
					"@loader_path/../Frameworks",
				);
				MACOSX_DEPLOYMENT_TARGET = 10.10;
				PRODUCT_BUNDLE_IDENTIFIER = com.perseus.DarkModeDiscoveryTests;
				PRODUCT_NAME = "$(TARGET_NAME)";
				SWIFT_VERSION = 4.2;
				TEST_HOST = "$(BUILT_PRODUCTS_DIR)/DarkModeDiscovery.app/Contents/MacOS/DarkModeDiscovery";
			};
			name = Debug;
		};
		4B0158EC29103C0D009F1803 /* Release */ = {
			isa = XCBuildConfiguration;
			buildSettings = {
				BUNDLE_LOADER = "$(TEST_HOST)";
				CLANG_CXX_LANGUAGE_STANDARD = "gnu++14";
				CLANG_CXX_LIBRARY = "libc++";
				CODE_SIGN_IDENTITY = "-";
				CODE_SIGN_STYLE = Automatic;
				COMBINE_HIDPI_IMAGES = YES;
				DEVELOPMENT_TEAM = 6DRVN4F88C;
				INFOPLIST_FILE = DarkModeDiscoveryTests/Configuration/Info.plist;
				LD_RUNPATH_SEARCH_PATHS = (
					"$(inherited)",
					"@executable_path/../Frameworks",
					"@loader_path/../Frameworks",
				);
				MACOSX_DEPLOYMENT_TARGET = 10.10;
				PRODUCT_BUNDLE_IDENTIFIER = com.perseus.DarkModeDiscoveryTests;
				PRODUCT_NAME = "$(TARGET_NAME)";
				SWIFT_VERSION = 4.2;
				TEST_HOST = "$(BUILT_PRODUCTS_DIR)/DarkModeDiscovery.app/Contents/MacOS/DarkModeDiscovery";
			};
			name = Release;
		};
		E00F83A0288A4A0C000D0A01 /* Debug */ = {
			isa = XCBuildConfiguration;
			buildSettings = {
				ALWAYS_SEARCH_USER_PATHS = NO;
				CLANG_ANALYZER_NONNULL = YES;
				CLANG_ANALYZER_NUMBER_OBJECT_CONVERSION = YES_AGGRESSIVE;
				CLANG_CXX_LANGUAGE_STANDARD = "gnu++17";
				CLANG_ENABLE_MODULES = YES;
				CLANG_ENABLE_OBJC_ARC = YES;
				CLANG_ENABLE_OBJC_WEAK = YES;
				CLANG_WARN_BLOCK_CAPTURE_AUTORELEASING = YES;
				CLANG_WARN_BOOL_CONVERSION = YES;
				CLANG_WARN_COMMA = YES;
				CLANG_WARN_CONSTANT_CONVERSION = YES;
				CLANG_WARN_DEPRECATED_OBJC_IMPLEMENTATIONS = YES;
				CLANG_WARN_DIRECT_OBJC_ISA_USAGE = YES_ERROR;
				CLANG_WARN_DOCUMENTATION_COMMENTS = YES;
				CLANG_WARN_EMPTY_BODY = YES;
				CLANG_WARN_ENUM_CONVERSION = YES;
				CLANG_WARN_INFINITE_RECURSION = YES;
				CLANG_WARN_INT_CONVERSION = YES;
				CLANG_WARN_NON_LITERAL_NULL_CONVERSION = YES;
				CLANG_WARN_OBJC_IMPLICIT_RETAIN_SELF = YES;
				CLANG_WARN_OBJC_LITERAL_CONVERSION = YES;
				CLANG_WARN_OBJC_ROOT_CLASS = YES_ERROR;
				CLANG_WARN_RANGE_LOOP_ANALYSIS = YES;
				CLANG_WARN_STRICT_PROTOTYPES = YES;
				CLANG_WARN_SUSPICIOUS_MOVE = YES;
				CLANG_WARN_UNGUARDED_AVAILABILITY = YES_AGGRESSIVE;
				CLANG_WARN_UNREACHABLE_CODE = YES;
				CLANG_WARN__DUPLICATE_METHOD_MATCH = YES;
				CODE_SIGN_IDENTITY = "-";
				COPY_PHASE_STRIP = NO;
				DEBUG_INFORMATION_FORMAT = dwarf;
				DEVELOPMENT_TEAM = 6DRVN4F88C;
				ENABLE_STRICT_OBJC_MSGSEND = YES;
				ENABLE_TESTABILITY = YES;
				GCC_C_LANGUAGE_STANDARD = gnu11;
				GCC_DYNAMIC_NO_PIC = NO;
				GCC_NO_COMMON_BLOCKS = YES;
				GCC_OPTIMIZATION_LEVEL = 0;
				GCC_PREPROCESSOR_DEFINITIONS = (
					"DEBUG=1",
					"$(inherited)",
				);
				GCC_WARN_64_TO_32_BIT_CONVERSION = YES;
				GCC_WARN_ABOUT_RETURN_TYPE = YES_ERROR;
				GCC_WARN_UNDECLARED_SELECTOR = YES;
				GCC_WARN_UNINITIALIZED_AUTOS = YES_AGGRESSIVE;
				GCC_WARN_UNUSED_FUNCTION = YES;
				GCC_WARN_UNUSED_VARIABLE = YES;
				MACOSX_DEPLOYMENT_TARGET = 10.10;
				MTL_ENABLE_DEBUG_INFO = INCLUDE_SOURCE;
				MTL_FAST_MATH = YES;
				ONLY_ACTIVE_ARCH = YES;
				SDKROOT = macosx;
				SWIFT_ACTIVE_COMPILATION_CONDITIONS = DEBUG;
				SWIFT_OPTIMIZATION_LEVEL = "-Onone";
				SWIFT_VERSION = 4.2;
			};
			name = Debug;
		};
		E00F83A1288A4A0C000D0A01 /* Release */ = {
			isa = XCBuildConfiguration;
			buildSettings = {
				ALWAYS_SEARCH_USER_PATHS = NO;
				CLANG_ANALYZER_NONNULL = YES;
				CLANG_ANALYZER_NUMBER_OBJECT_CONVERSION = YES_AGGRESSIVE;
				CLANG_CXX_LANGUAGE_STANDARD = "gnu++17";
				CLANG_ENABLE_MODULES = YES;
				CLANG_ENABLE_OBJC_ARC = YES;
				CLANG_ENABLE_OBJC_WEAK = YES;
				CLANG_WARN_BLOCK_CAPTURE_AUTORELEASING = YES;
				CLANG_WARN_BOOL_CONVERSION = YES;
				CLANG_WARN_COMMA = YES;
				CLANG_WARN_CONSTANT_CONVERSION = YES;
				CLANG_WARN_DEPRECATED_OBJC_IMPLEMENTATIONS = YES;
				CLANG_WARN_DIRECT_OBJC_ISA_USAGE = YES_ERROR;
				CLANG_WARN_DOCUMENTATION_COMMENTS = YES;
				CLANG_WARN_EMPTY_BODY = YES;
				CLANG_WARN_ENUM_CONVERSION = YES;
				CLANG_WARN_INFINITE_RECURSION = YES;
				CLANG_WARN_INT_CONVERSION = YES;
				CLANG_WARN_NON_LITERAL_NULL_CONVERSION = YES;
				CLANG_WARN_OBJC_IMPLICIT_RETAIN_SELF = YES;
				CLANG_WARN_OBJC_LITERAL_CONVERSION = YES;
				CLANG_WARN_OBJC_ROOT_CLASS = YES_ERROR;
				CLANG_WARN_RANGE_LOOP_ANALYSIS = YES;
				CLANG_WARN_STRICT_PROTOTYPES = YES;
				CLANG_WARN_SUSPICIOUS_MOVE = YES;
				CLANG_WARN_UNGUARDED_AVAILABILITY = YES_AGGRESSIVE;
				CLANG_WARN_UNREACHABLE_CODE = YES;
				CLANG_WARN__DUPLICATE_METHOD_MATCH = YES;
				CODE_SIGN_IDENTITY = "-";
				COPY_PHASE_STRIP = NO;
				DEBUG_INFORMATION_FORMAT = "dwarf-with-dsym";
				DEVELOPMENT_TEAM = 6DRVN4F88C;
				ENABLE_NS_ASSERTIONS = NO;
				ENABLE_STRICT_OBJC_MSGSEND = YES;
				GCC_C_LANGUAGE_STANDARD = gnu11;
				GCC_NO_COMMON_BLOCKS = YES;
				GCC_WARN_64_TO_32_BIT_CONVERSION = YES;
				GCC_WARN_ABOUT_RETURN_TYPE = YES_ERROR;
				GCC_WARN_UNDECLARED_SELECTOR = YES;
				GCC_WARN_UNINITIALIZED_AUTOS = YES_AGGRESSIVE;
				GCC_WARN_UNUSED_FUNCTION = YES;
				GCC_WARN_UNUSED_VARIABLE = YES;
				MACOSX_DEPLOYMENT_TARGET = 10.10;
				MTL_ENABLE_DEBUG_INFO = NO;
				MTL_FAST_MATH = YES;
				SDKROOT = macosx;
				SWIFT_COMPILATION_MODE = wholemodule;
				SWIFT_OPTIMIZATION_LEVEL = "-O";
				SWIFT_VERSION = 4.2;
			};
			name = Release;
		};
		E00F83A3288A4A0C000D0A01 /* Debug */ = {
			isa = XCBuildConfiguration;
			buildSettings = {
				ASSETCATALOG_COMPILER_APPICON_NAME = AppIcon;
				CODE_SIGN_ENTITLEMENTS = DarkModeDiscovery/Configuration/DarkModeDiscovery.entitlements;
				CODE_SIGN_IDENTITY = "-";
				CODE_SIGN_STYLE = Automatic;
				COMBINE_HIDPI_IMAGES = YES;
				DEVELOPMENT_TEAM = 6DRVN4F88C;
				ENABLE_HARDENED_RUNTIME = NO;
				INFOPLIST_FILE = "$(SRCROOT)/DarkModeDiscovery/Configuration/Info.plist";
				LD_RUNPATH_SEARCH_PATHS = (
					"$(inherited)",
					"@executable_path/../Frameworks",
				);
				MACOSX_DEPLOYMENT_TARGET = 10.11;
				PRODUCT_BUNDLE_IDENTIFIER = com.perseus.lab.macos.DarkModeDiscovery;
				PRODUCT_NAME = "$(TARGET_NAME)";
				PROVISIONING_PROFILE_SPECIFIER = "";
				SWIFT_VERSION = 4.2;
			};
			name = Debug;
		};
		E00F83A4288A4A0C000D0A01 /* Release */ = {
			isa = XCBuildConfiguration;
			buildSettings = {
				ASSETCATALOG_COMPILER_APPICON_NAME = AppIcon;
				CODE_SIGN_ENTITLEMENTS = DarkModeDiscovery/Configuration/DarkModeDiscovery.entitlements;
				CODE_SIGN_IDENTITY = "-";
				CODE_SIGN_STYLE = Automatic;
				COMBINE_HIDPI_IMAGES = YES;
				DEVELOPMENT_TEAM = 6DRVN4F88C;
				ENABLE_HARDENED_RUNTIME = NO;
				ENABLE_TESTABILITY = YES;
				INFOPLIST_FILE = "$(SRCROOT)/DarkModeDiscovery/Configuration/Info.plist";
				LD_RUNPATH_SEARCH_PATHS = (
					"$(inherited)",
					"@executable_path/../Frameworks",
				);
				MACOSX_DEPLOYMENT_TARGET = 10.11;
				PRODUCT_BUNDLE_IDENTIFIER = com.perseus.lab.macos.DarkModeDiscovery;
				PRODUCT_NAME = "$(TARGET_NAME)";
				PROVISIONING_PROFILE_SPECIFIER = "";
				SWIFT_VERSION = 4.2;
			};
			name = Release;
		};
/* End XCBuildConfiguration section */

/* Begin XCConfigurationList section */
		4B0158EA29103C0D009F1803 /* Build configuration list for PBXNativeTarget "DarkModeDiscoveryTests" */ = {
			isa = XCConfigurationList;
			buildConfigurations = (
				4B0158EB29103C0D009F1803 /* Debug */,
				4B0158EC29103C0D009F1803 /* Release */,
			);
			defaultConfigurationIsVisible = 0;
			defaultConfigurationName = Release;
		};
		E00F8378288A4A04000D0A01 /* Build configuration list for PBXProject "DarkModeDiscovery" */ = {
			isa = XCConfigurationList;
			buildConfigurations = (
				E00F83A0288A4A0C000D0A01 /* Debug */,
				E00F83A1288A4A0C000D0A01 /* Release */,
			);
			defaultConfigurationIsVisible = 0;
			defaultConfigurationName = Release;
		};
		E00F83A2288A4A0C000D0A01 /* Build configuration list for PBXNativeTarget "DarkModeDiscovery" */ = {
			isa = XCConfigurationList;
			buildConfigurations = (
				E00F83A3288A4A0C000D0A01 /* Debug */,
				E00F83A4288A4A0C000D0A01 /* Release */,
			);
			defaultConfigurationIsVisible = 0;
			defaultConfigurationName = Release;
		};
/* End XCConfigurationList section */
	};
	rootObject = E00F8375288A4A04000D0A01 /* Project object */;
}
